
Microsoft Visual Studio Solution File, Format Version 12.00
# Visual Studio Version 17
VisualStudioVersion = 17.6.33829.357
MinimumVisualStudioVersion = 10.0.40219.1
Project("{FAE04EC0-301F-11D3-BF4B-00C04F79EFBC}") = "LaborProject_PWS.Web", "LaborProject_PWS.Web\LaborProject_PWS.Web.csproj", "{731C66D4-6224-4291-BF40-1694FE86F445}"
EndProject
Global
	GlobalSection(SolutionConfigurationPlatforms) = preSolution
		Debug|Any CPU = Debug|Any CPU
		Release|Any CPU = Release|Any CPU
	EndGlobalSection
	GlobalSection(ProjectConfigurationPlatforms) = postSolution
		{731C66D4-6224-4291-BF40-1694FE86F445}.Debug|Any CPU.ActiveCfg = Debug|Any CPU
		{731C66D4-6224-4291-BF40-1694FE86F445}.Debug|Any CPU.Build.0 = Debug|Any CPU
		{731C66D4-6224-4291-BF40-1694FE86F445}.Release|Any CPU.ActiveCfg = Release|Any CPU
		{731C66D4-6224-4291-BF40-1694FE86F445}.Release|Any CPU.Build.0 = Release|Any CPU
	EndGlobalSection
	GlobalSection(SolutionProperties) = preSolution
		HideSolutionNode = FALSE
	EndGlobalSection
	GlobalSection(ExtensibilityGlobals) = postSolution
		SolutionGuid = {53935C02-2B67-41F2-AA1B-975B65FC8825}
	EndGlobalSection
EndGlobal
